// !$*UTF8*$!
{
	archiveVersion = 1;
	classes = {
	};
	objectVersion = 50;
	objects = {

/* Begin PBXBuildFile section */
		23C8B3AB22A355A500FE8A08 /* AppDelegate.m in Sources */ = {isa = PBXBuildFile; fileRef = 23C8B3AA22A355A500FE8A08 /* AppDelegate.m */; };
		23C8B3AE22A355A500FE8A08 /* ViewController.m in Sources */ = {isa = PBXBuildFile; fileRef = 23C8B3AD22A355A500FE8A08 /* ViewController.m */; };
		23C8B3B122A355A500FE8A08 /* Main.storyboard in Resources */ = {isa = PBXBuildFile; fileRef = 23C8B3AF22A355A500FE8A08 /* Main.storyboard */; };
		23C8B3B322A355A600FE8A08 /* Assets.xcassets in Resources */ = {isa = PBXBuildFile; fileRef = 23C8B3B222A355A600FE8A08 /* Assets.xcassets */; };
		23C8B3B622A355A600FE8A08 /* LaunchScreen.storyboard in Resources */ = {isa = PBXBuildFile; fileRef = 23C8B3B422A355A600FE8A08 /* LaunchScreen.storyboard */; };
		23C8B3B922A355A600FE8A08 /* main.m in Sources */ = {isa = PBXBuildFile; fileRef = 23C8B3B822A355A600FE8A08 /* main.m */; };
/* End PBXBuildFile section */

/* Begin PBXFileReference section */
		23C8B3A622A355A500FE8A08 /* XDXAVParseProject.app */ = {isa = PBXFileReference; explicitFileType = wrapper.application; includeInIndex = 0; path = XDXAVParseProject.app; sourceTree = BUILT_PRODUCTS_DIR; };
		23C8B3A922A355A500FE8A08 /* AppDelegate.h */ = {isa = PBXFileReference; lastKnownFileType = sourcecode.c.h; path = AppDelegate.h; sourceTree = "<group>"; };
		23C8B3AA22A355A500FE8A08 /* AppDelegate.m */ = {isa = PBXFileReference; lastKnownFileType = sourcecode.c.objc; path = AppDelegate.m; sourceTree = "<group>"; };
		23C8B3AC22A355A500FE8A08 /* ViewController.h */ = {isa = PBXFileReference; lastKnownFileType = sourcecode.c.h; path = ViewController.h; sourceTree = "<group>"; };
		23C8B3AD22A355A500FE8A08 /* ViewController.m */ = {isa = PBXFileReference; lastKnownFileType = sourcecode.c.objc; path = ViewController.m; sourceTree = "<group>"; };
		23C8B3B022A355A500FE8A08 /* Base */ = {isa = PBXFileReference; lastKnownFileType = file.storyboard; name = Base; path = Base.lproj/Main.storyboard; sourceTree = "<group>"; };
		23C8B3B222A355A600FE8A08 /* Assets.xcassets */ = {isa = PBXFileReference; lastKnownFileType = folder.assetcatalog; path = Assets.xcassets; sourceTree = "<group>"; };
		23C8B3B522A355A600FE8A08 /* Base */ = {isa = PBXFileReference; lastKnownFileType = file.storyboard; name = Base; path = Base.lproj/LaunchScreen.storyboard; sourceTree = "<group>"; };
		23C8B3B722A355A600FE8A08 /* Info.plist */ = {isa = PBXFileReference; lastKnownFileType = text.plist.xml; path = Info.plist; sourceTree = "<group>"; };
		23C8B3B822A355A600FE8A08 /* main.m */ = {isa = PBXFileReference; lastKnownFileType = sourcecode.c.objc; path = main.m; sourceTree = "<group>"; };
/* End PBXFileReference section */

/* Begin PBXFrameworksBuildPhase section */
		23C8B3A322A355A500FE8A08 /* Frameworks */ = {
			isa = PBXFrameworksBuildPhase;
			buildActionMask = 2147483647;
			files = (
			);
			runOnlyForDeploymentPostprocessing = 0;
		};
/* End PBXFrameworksBuildPhase section */

/* Begin PBXGroup section */
		23C8B39D22A355A500FE8A08 = {
			isa = PBXGroup;
			children = (
				23C8B3A822A355A500FE8A08 /* XDXAVParseProject */,
				23C8B3A722A355A500FE8A08 /* Products */,
			);
			sourceTree = "<group>";
		};
		23C8B3A722A355A500FE8A08 /* Products */ = {
			isa = PBXGroup;
			children = (
				23C8B3A622A355A500FE8A08 /* XDXAVParseProject.app */,
			);
			name = Products;
			sourceTree = "<group>";
		};
		23C8B3A822A355A500FE8A08 /* XDXAVParseProject */ = {
			isa = PBXGroup;
			children = (
				23C8B3A922A355A500FE8A08 /* AppDelegate.h */,
				23C8B3AA22A355A500FE8A08 /* AppDelegate.m */,
				23C8B3AC22A355A500FE8A08 /* ViewController.h */,
				23C8B3AD22A355A500FE8A08 /* ViewController.m */,
				23C8B3AF22A355A500FE8A08 /* Main.storyboard */,
				23C8B3B222A355A600FE8A08 /* Assets.xcassets */,
				23C8B3B422A355A600FE8A08 /* LaunchScreen.storyboard */,
				23C8B3B722A355A600FE8A08 /* Info.plist */,
				23C8B3B822A355A600FE8A08 /* main.m */,
			);
			path = XDXAVParseProject;
			sourceTree = "<group>";
		};
/* End PBXGroup section */

/* Begin PBXNativeTarget section */
		23C8B3A522A355A500FE8A08 /* XDXAVParseProject */ = {
			isa = PBXNativeTarget;
			buildConfigurationList = 23C8B3BC22A355A600FE8A08 /* Build configuration list for PBXNativeTarget "XDXAVParseProject" */;
			buildPhases = (
				23C8B3A222A355A500FE8A08 /* Sources */,
				23C8B3A322A355A500FE8A08 /* Frameworks */,
				23C8B3A422A355A500FE8A08 /* Resources */,
			);
			buildRules = (
			);
			dependencies = (
			);
			name = XDXAVParseProject;
			productName = XDXAVParseProject;
			productReference = 23C8B3A622A355A500FE8A08 /* XDXAVParseProject.app */;
			productType = "com.apple.product-type.application";
		};
/* End PBXNativeTarget section */

/* Begin PBXProject section */
		23C8B39E22A355A500FE8A08 /* Project object */ = {
			isa = PBXProject;
			attributes = {
				LastUpgradeCheck = 1020;
				ORGANIZATIONNAME = "小东邪";
				TargetAttributes = {
					23C8B3A522A355A500FE8A08 = {
						CreatedOnToolsVersion = 10.2.1;
					};
				};
			};
			buildConfigurationList = 23C8B3A122A355A500FE8A08 /* Build configuration list for PBXProject "XDXAVParseProject" */;
			compatibilityVersion = "Xcode 9.3";
			developmentRegion = en;
			hasScannedForEncodings = 0;
			knownRegions = (
				en,
				Base,
			);
			mainGroup = 23C8B39D22A355A500FE8A08;
			productRefGroup = 23C8B3A722A355A500FE8A08 /* Products */;
			projectDirPath = "";
			projectRoot = "";
			targets = (
				23C8B3A522A355A500FE8A08 /* XDXAVParseProject */,
			);
		};
/* End PBXProject section */

/* Begin PBXResourcesBuildPhase section */
		23C8B3A422A355A500FE8A08 /* Resources */ = {
			isa = PBXResourcesBuildPhase;
			buildActionMask = 2147483647;
			files = (
				23C8B3B622A355A600FE8A08 /* LaunchScreen.storyboard in Resources */,
				23C8B3B322A355A600FE8A08 /* Assets.xcassets in Resources */,
				23C8B3B122A355A500FE8A08 /* Main.storyboard in Resources */,
			);
			runOnlyForDeploymentPostprocessing = 0;
		};
/* End PBXResourcesBuildPhase section */

/* Begin PBXSourcesBuildPhase section */
		23C8B3A222A355A500FE8A08 /* Sources */ = {
			isa = PBXSourcesBuildPhase;
			buildActionMask = 2147483647;
			files = (
				23C8B3AE22A355A500FE8A08 /* ViewController.m in Sources */,
				23C8B3B922A355A600FE8A08 /* main.m in Sources */,
				23C8B3AB22A355A500FE8A08 /* AppDelegate.m in Sources */,
			);
			runOnlyForDeploymentPostprocessing = 0;
		};
/* End PBXSourcesBuildPhase section */

/* Begin PBXVariantGroup section */
		23C8B3AF22A355A500FE8A08 /* Main.storyboard */ = {
			isa = PBXVariantGroup;
			children = (
				23C8B3B022A355A500FE8A08 /* Base */,
			);
			name = Main.storyboard;
			sourceTree = "<group>";
		};
		23C8B3B422A355A600FE8A08 /* LaunchScreen.storyboard */ = {
			isa = PBXVariantGroup;
			children = (
				23C8B3B522A355A600FE8A08 /* Base */,
			);
			name = LaunchScreen.storyboard;
			sourceTree = "<group>";
		};
/* End PBXVariantGroup section */

/* Begin XCBuildConfiguration section */
		23C8B3BA22A355A600FE8A08 /* Debug */ = {
			isa = XCBuildConfiguration;
			buildSettings = {
				ALWAYS_SEARCH_USER_PATHS = NO;
				CLANG_ANALYZER_NONNULL = YES;
				CLANG_ANALYZER_NUMBER_OBJECT_CONVERSION = YES_AGGRESSIVE;
				CLANG_CXX_LANGUAGE_STANDARD = "gnu++14";
				CLANG_CXX_LIBRARY = "libc++";
				CLANG_ENABLE_MODULES = YES;
				CLANG_ENABLE_OBJC_ARC = YES;
				CLANG_ENABLE_OBJC_WEAK = YES;
				CLANG_WARN_BLOCK_CAPTURE_AUTORELEASING = YES;
				CLANG_WARN_BOOL_CONVERSION = YES;
				CLANG_WARN_COMMA = YES;
				CLANG_WARN_CONSTANT_CONVERSION = YES;
				CLANG_WARN_DEPRECATED_OBJC_IMPLEMENTATIONS = YES;
				CLANG_WARN_DIRECT_OBJC_ISA_USAGE = YES_ERROR;
				CLANG_WARN_DOCUMENTATION_COMMENTS = YES;
				CLANG_WARN_EMPTY_BODY = YES;
				CLANG_WARN_ENUM_CONVERSION = YES;
				CLANG_WARN_INFINITE_RECURSION = YES;
				CLANG_WARN_INT_CONVERSION = YES;
				CLANG_WARN_NON_LITERAL_NULL_CONVERSION = YES;
				CLANG_WARN_OBJC_IMPLICIT_RETAIN_SELF = YES;
				CLANG_WARN_OBJC_LITERAL_CONVERSION = YES;
				CLANG_WARN_OBJC_ROOT_CLASS = YES_ERROR;
				CLANG_WARN_RANGE_LOOP_ANALYSIS = YES;
				CLANG_WARN_STRICT_PROTOTYPES = YES;
				CLANG_WARN_SUSPICIOUS_MOVE = YES;
				CLANG_WARN_UNGUARDED_AVAILABILITY = YES_AGGRESSIVE;
				CLANG_WARN_UNREACHABLE_CODE = YES;
				CLANG_WARN__DUPLICATE_METHOD_MATCH = YES;
				CODE_SIGN_IDENTITY = "iPhone Developer";
				COPY_PHASE_STRIP = NO;
				DEBUG_INFORMATION_FORMAT = dwarf;
				ENABLE_STRICT_OBJC_MSGSEND = YES;
				ENABLE_TESTABILITY = YES;
				GCC_C_LANGUAGE_STANDARD = gnu11;
				GCC_DYNAMIC_NO_PIC = NO;
				GCC_NO_COMMON_BLOCKS = YES;
				GCC_OPTIMIZATION_LEVEL = 0;
				GCC_PREPROCESSOR_DEFINITIONS = (
					"DEBUG=1",
					"$(inherited)",
				);
				GCC_WARN_64_TO_32_BIT_CONVERSION = YES;
				GCC_WARN_ABOUT_RETURN_TYPE = YES_ERROR;
				GCC_WARN_UNDECLARED_SELECTOR = YES;
				GCC_WARN_UNINITIALIZED_AUTOS = YES_AGGRESSIVE;
				GCC_WARN_UNUSED_FUNCTION = YES;
				GCC_WARN_UNUSED_VARIABLE = YES;
				IPHONEOS_DEPLOYMENT_TARGET = 12.2;
				MTL_ENABLE_DEBUG_INFO = INCLUDE_SOURCE;
				MTL_FAST_MATH = YES;
				ONLY_ACTIVE_ARCH = YES;
				SDKROOT = iphoneos;
			};
			name = Debug;
		};
		23C8B3BB22A355A600FE8A08 /* Release */ = {
			isa = XCBuildConfiguration;
			buildSettings = {
				ALWAYS_SEARCH_USER_PATHS = NO;
				CLANG_ANALYZER_NONNULL = YES;
				CLANG_ANALYZER_NUMBER_OBJECT_CONVERSION = YES_AGGRESSIVE;
				CLANG_CXX_LANGUAGE_STANDARD = "gnu++14";
				CLANG_CXX_LIBRARY = "libc++";
				CLANG_ENABLE_MODULES = YES;
				CLANG_ENABLE_OBJC_ARC = YES;
				CLANG_ENABLE_OBJC_WEAK = YES;
				CLANG_WARN_BLOCK_CAPTURE_AUTORELEASING = YES;
				CLANG_WARN_BOOL_CONVERSION = YES;
				CLANG_WARN_COMMA = YES;
				CLANG_WARN_CONSTANT_CONVERSION = YES;
				CLANG_WARN_DEPRECATED_OBJC_IMPLEMENTATIONS = YES;
				CLANG_WARN_DIRECT_OBJC_ISA_USAGE = YES_ERROR;
				CLANG_WARN_DOCUMENTATION_COMMENTS = YES;
				CLANG_WARN_EMPTY_BODY = YES;
				CLANG_WARN_ENUM_CONVERSION = YES;
				CLANG_WARN_INFINITE_RECURSION = YES;
				CLANG_WARN_INT_CONVERSION = YES;
				CLANG_WARN_NON_LITERAL_NULL_CONVERSION = YES;
				CLANG_WARN_OBJC_IMPLICIT_RETAIN_SELF = YES;
				CLANG_WARN_OBJC_LITERAL_CONVERSION = YES;
				CLANG_WARN_OBJC_ROOT_CLASS = YES_ERROR;
				CLANG_WARN_RANGE_LOOP_ANALYSIS = YES;
				CLANG_WARN_STRICT_PROTOTYPES = YES;
				CLANG_WARN_SUSPICIOUS_MOVE = YES;
				CLANG_WARN_UNGUARDED_AVAILABILITY = YES_AGGRESSIVE;
				CLANG_WARN_UNREACHABLE_CODE = YES;
				CLANG_WARN__DUPLICATE_METHOD_MATCH = YES;
				CODE_SIGN_IDENTITY = "iPhone Developer";
				COPY_PHASE_STRIP = NO;
				DEBUG_INFORMATION_FORMAT = "dwarf-with-dsym";
				ENABLE_NS_ASSERTIONS = NO;
				ENABLE_STRICT_OBJC_MSGSEND = YES;
				GCC_C_LANGUAGE_STANDARD = gnu11;
				GCC_NO_COMMON_BLOCKS = YES;
				GCC_WARN_64_TO_32_BIT_CONVERSION = YES;
				GCC_WARN_ABOUT_RETURN_TYPE = YES_ERROR;
				GCC_WARN_UNDECLARED_SELECTOR = YES;
				GCC_WARN_UNINITIALIZED_AUTOS = YES_AGGRESSIVE;
				GCC_WARN_UNUSED_FUNCTION = YES;
				GCC_WARN_UNUSED_VARIABLE = YES;
				IPHONEOS_DEPLOYMENT_TARGET = 12.2;
				MTL_ENABLE_DEBUG_INFO = NO;
				MTL_FAST_MATH = YES;
				SDKROOT = iphoneos;
				VALIDATE_PRODUCT = YES;
			};
			name = Release;
		};
		23C8B3BD22A355A600FE8A08 /* Debug */ = {
			isa = XCBuildConfiguration;
			buildSettings = {
				ASSETCATALOG_COMPILER_APPICON_NAME = AppIcon;
				CODE_SIGN_STYLE = Automatic;
				DEVELOPMENT_TEAM = YDEVQQ22JR;
				INFOPLIST_FILE = XDXAVParseProject/Info.plist;
				LD_RUNPATH_SEARCH_PATHS = (
					"$(inherited)",
					"@executable_path/Frameworks",
				);
				PRODUCT_BUNDLE_IDENTIFIER = com.xdx.XDXAVParseProject;
				PRODUCT_NAME = "$(TARGET_NAME)";
				TARGETED_DEVICE_FAMILY = "1,2";
			};
			name = Debug;
		};
		23C8B3BE22A355A600FE8A08 /* Release */ = {
			isa = XCBuildConfiguration;
			buildSettings = {
				ASSETCATALOG_COMPILER_APPICON_NAME = AppIcon;
				CODE_SIGN_STYLE = Automatic;
				DEVELOPMENT_TEAM = YDEVQQ22JR;
				INFOPLIST_FILE = XDXAVParseProject/Info.plist;
				LD_RUNPATH_SEARCH_PATHS = (
					"$(inherited)",
					"@executable_path/Frameworks",
				);
				PRODUCT_BUNDLE_IDENTIFIER = com.xdx.XDXAVParseProject;
				PRODUCT_NAME = "$(TARGET_NAME)";
				TARGETED_DEVICE_FAMILY = "1,2";
			};
			name = Release;
		};
/* End XCBuildConfiguration section */

/* Begin XCConfigurationList section */
		23C8B3A122A355A500FE8A08 /* Build configuration list for PBXProject "XDXAVParseProject" */ = {
			isa = XCConfigurationList;
			buildConfigurations = (
				23C8B3BA22A355A600FE8A08 /* Debug */,
				23C8B3BB22A355A600FE8A08 /* Release */,
			);
			defaultConfigurationIsVisible = 0;
			defaultConfigurationName = Release;
		};
		23C8B3BC22A355A600FE8A08 /* Build configuration list for PBXNativeTarget "XDXAVParseProject" */ = {
			isa = XCConfigurationList;
			buildConfigurations = (
				23C8B3BD22A355A600FE8A08 /* Debug */,
				23C8B3BE22A355A600FE8A08 /* Release */,
			);
			defaultConfigurationIsVisible = 0;
			defaultConfigurationName = Release;
		};
/* End XCConfigurationList section */
	};
	rootObject = 23C8B39E22A355A500FE8A08 /* Project object */;
}
